
Microsoft Visual Studio Solution File, Format Version 11.00
# Visual Studio 2010
Project("{FAE04EC0-301F-11D3-BF4B-00C04F79EFBC}") = "Unity.Timeline", "Unity.Timeline.csproj", "{90a26429-f923-4d9a-88e9-732600298231}"
EndProject
Project("{FAE04EC0-301F-11D3-BF4B-00C04F79EFBC}") = "Unity.Timeline.Editor", "Unity.Timeline.Editor.csproj", "{5ccccc4e-75f0-278e-55a8-c92cdafc1b2e}"
EndProject
Project("{FAE04EC0-301F-11D3-BF4B-00C04F79EFBC}") = "Unity.TextMeshPro.Editor", "Unity.TextMeshPro.Editor.csproj", "{ae08582e-1a2d-6204-cff3-4849773a1cd7}"
EndProject
Project("{FAE04EC0-301F-11D3-BF4B-00C04F79EFBC}") = "Unity.VisualScripting.Flow", "Unity.VisualScripting.Flow.csproj", "{2be221d6-d852-dd83-979a-745fa45d01fa}"
EndProject
Project("{FAE04EC0-301F-11D3-BF4B-00C04F79EFBC}") = "Unity.ProBuilder", "Unity.ProBuilder.csproj", "{70d57f91-56d3-494c-479d-376c6a9ef575}"
EndProject
Project("{FAE04EC0-301F-11D3-BF4B-00C04F79EFBC}") = "Unity.PlasticSCM.Editor", "Unity.PlasticSCM.Editor.csproj", "{0d9bdb83-d1fc-31a2-b235-a3c89a6ea65a}"
EndProject
Project("{FAE04EC0-301F-11D3-BF4B-00C04F79EFBC}") = "Unity.ProBuilder.Editor", "Unity.ProBuilder.Editor.csproj", "{e04fa535-58f7-f915-922d-ed3ee544eb99}"
EndProject
Project("{FAE04EC0-301F-11D3-BF4B-00C04F79EFBC}") = "Unity.VisualScripting.Core", "Unity.VisualScripting.Core.csproj", "{2cd47b4b-0d95-65ae-fcca-ee9153886525}"
EndProject
Project("{FAE04EC0-301F-11D3-BF4B-00C04F79EFBC}") = "Unity.VisualScripting.Core.Editor", "Unity.VisualScripting.Core.Editor.csproj", "{93a73c23-0aad-3453-692d-d9968d21c137}"
EndProject
Project("{FAE04EC0-301F-11D3-BF4B-00C04F79EFBC}") = "Unity.VisualScripting.Flow.Editor", "Unity.VisualScripting.Flow.Editor.csproj", "{eb80d62b-9536-2de6-e853-5cc38b0cac05}"
EndProject
Project("{FAE04EC0-301F-11D3-BF4B-00C04F79EFBC}") = "UnityEditor.TestRunner", "UnityEditor.TestRunner.csproj", "{eacb9365-7c19-809b-9bee-32b5aebeef65}"
EndProject
Project("{FAE04EC0-301F-11D3-BF4B-00C04F79EFBC}") = "Unity.ProBuilder.Poly2Tri", "Unity.ProBuilder.Poly2Tri.csproj", "{0051b868-9867-6459-5ba5-b61c8465ab0b}"
EndProject
Project("{FAE04EC0-301F-11D3-BF4B-00C04F79EFBC}") = "Unity.VisualScripting.SettingsProvider.Editor", "Unity.VisualScripting.SettingsProvider.Editor.csproj", "{3d625605-2f44-b141-2063-26d14638fd7a}"
EndProject
Project("{FAE04EC0-301F-11D3-BF4B-00C04F79EFBC}") = "UnityEngine.TestRunner", "UnityEngine.TestRunner.csproj", "{71876e80-d6e4-64fe-2e17-5aa7520cb708}"
EndProject
Project("{FAE04EC0-301F-11D3-BF4B-00C04F79EFBC}") = "Assembly-CSharp", "Assembly-CSharp.csproj", "{9b469f7d-b993-aee2-93d6-645a6852954e}"
EndProject
Project("{FAE04EC0-301F-11D3-BF4B-00C04F79EFBC}") = "Unity.ProBuilder.Csg", "Unity.ProBuilder.Csg.csproj", "{ff0da03a-041d-7136-c7d7-6c5407dafb70}"
EndProject
Project("{FAE04EC0-301F-11D3-BF4B-00C04F79EFBC}") = "Unity.AI.Navigation.Editor", "Unity.AI.Navigation.Editor.csproj", "{cfd6f1c8-ebe2-ddd2-1ade-e207556a0bec}"
EndProject
Project("{FAE04EC0-301F-11D3-BF4B-00C04F79EFBC}") = "Unity.VisualStudio.Editor", "Unity.VisualStudio.Editor.csproj", "{4f37bf47-ae1e-ebb6-4cb6-b9aec1e47dc8}"
EndProject
Project("{FAE04EC0-301F-11D3-BF4B-00C04F79EFBC}") = "Unity.TestTools.CodeCoverage.Editor.OpenCover.Model", "Unity.TestTools.CodeCoverage.Editor.OpenCover.Model.csproj", "{791fa0ea-9eab-4314-45c4-e83f0bebed6a}"
EndProject
Project("{FAE04EC0-301F-11D3-BF4B-00C04F79EFBC}") = "Unity.Rider.Editor", "Unity.Rider.Editor.csproj", "{addf2653-7e66-bb95-9095-901ba49d6f03}"
EndProject
Project("{FAE04EC0-301F-11D3-BF4B-00C04F79EFBC}") = "Unity.AI.Navigation", "Unity.AI.Navigation.csproj", "{2382e6b1-5cd8-7067-79f7-3885427e8423}"
EndProject
Project("{FAE04EC0-301F-11D3-BF4B-00C04F79EFBC}") = "Unity.AI.Navigation.Editor.ConversionSystem", "Unity.AI.Navigation.Editor.ConversionSystem.csproj", "{60a4672f-8abc-1531-6c9f-47a5e25e9ee8}"
EndProject
Project("{FAE04EC0-301F-11D3-BF4B-00C04F79EFBC}") = "Unity.VisualScripting.State.Editor", "Unity.VisualScripting.State.Editor.csproj", "{d82a606f-d1c2-8c01-32c6-b2098f90f022}"
EndProject
Project("{FAE04EC0-301F-11D3-BF4B-00C04F79EFBC}") = "Unity.TestTools.CodeCoverage.Editor", "Unity.TestTools.CodeCoverage.Editor.csproj", "{814323f9-f78b-f6a5-a3c9-07419d4be8d8}"
EndProject
Project("{FAE04EC0-301F-11D3-BF4B-00C04F79EFBC}") = "Unity.VisualScripting.State", "Unity.VisualScripting.State.csproj", "{dca037b1-503f-b25b-570a-2271de5b5801}"
EndProject
Project("{FAE04EC0-301F-11D3-BF4B-00C04F79EFBC}") = "Unity.TextMeshPro", "Unity.TextMeshPro.csproj", "{6cfd355b-0985-0503-ab2f-41bc46dfbba3}"
EndProject
Project("{FAE04EC0-301F-11D3-BF4B-00C04F79EFBC}") = "Unity.Performance.Profile-Analyzer.Editor", "Unity.Performance.Profile-Analyzer.Editor.csproj", "{98a024be-6657-a519-3a7e-01f309111544}"
EndProject
Project("{FAE04EC0-301F-11D3-BF4B-00C04F79EFBC}") = "Unity.VSCode.Editor", "Unity.VSCode.Editor.csproj", "{d1afe1a2-85af-0f58-2391-5bc8b633f73b}"
EndProject
Project("{FAE04EC0-301F-11D3-BF4B-00C04F79EFBC}") = "Unity.TestTools.CodeCoverage.Editor.OpenCover.Mono.Reflection", "Unity.TestTools.CodeCoverage.Editor.OpenCover.Mono.Reflection.csproj", "{63ab4669-4b19-c2d9-bd1f-677926a6f7f2}"
EndProject
Project("{FAE04EC0-301F-11D3-BF4B-00C04F79EFBC}") = "Unity.AI.Navigation.Updater", "Unity.AI.Navigation.Updater.csproj", "{296405f1-dc86-796b-52e2-c46b279cfe9a}"
EndProject
Project("{FAE04EC0-301F-11D3-BF4B-00C04F79EFBC}") = "Unity.ProBuilder.Stl", "Unity.ProBuilder.Stl.csproj", "{0ea5ff75-c684-0581-0db3-fb394be78172}"
EndProject
Project("{FAE04EC0-301F-11D3-BF4B-00C04F79EFBC}") = "Unity.Settings.Editor", "Unity.Settings.Editor.csproj", "{7e7cfb07-bbbf-dde2-0ec7-981ed3071fbe}"
EndProject
Project("{FAE04EC0-301F-11D3-BF4B-00C04F79EFBC}") = "Unity.ProBuilder.AssetIdRemapUtility", "Unity.ProBuilder.AssetIdRemapUtility.csproj", "{6d549d88-acf4-10fb-466c-9dc8eb71d4bb}"
EndProject
Project("{FAE04EC0-301F-11D3-BF4B-00C04F79EFBC}") = "Unity.ProBuilder.KdTree", "Unity.ProBuilder.KdTree.csproj", "{a9284ad2-decb-f5a1-f807-18b6731ed77d}"
EndProject
Project("{FAE04EC0-301F-11D3-BF4B-00C04F79EFBC}") = "Unity.ProBuilder.AddOns.Editor", "Unity.ProBuilder.AddOns.Editor.csproj", "{42a05f11-f9a5-d772-da3d-1714135e6512}"
EndProject
Project("{FAE04EC0-301F-11D3-BF4B-00C04F79EFBC}") = "Unity.EditorCoroutines.Editor", "Unity.EditorCoroutines.Editor.csproj", "{dbc71f3d-0d66-270c-3888-b9a2183dfaa1}"
EndProject
Project("{FAE04EC0-301F-11D3-BF4B-00C04F79EFBC}") = "Unity.VisualScripting.Shared.Editor", "Unity.VisualScripting.Shared.Editor.csproj", "{15033b31-29d5-9a3a-0259-e714bfe09c4c}"
EndProject
Project("{FAE04EC0-301F-11D3-BF4B-00C04F79EFBC}") = "Unity.CollabProxy.Editor", "Unity.CollabProxy.Editor.csproj", "{d1548b5a-e87b-6178-3a22-39d070040000}"
EndProject
Project("{FAE04EC0-301F-11D3-BF4B-00C04F79EFBC}") = "Assembly-CSharp-Editor", "Assembly-CSharp-Editor.csproj", "{445aa42e-92db-7e03-7d34-f0371803f740}"
EndProject
Project("{FAE04EC0-301F-11D3-BF4B-00C04F79EFBC}") = "Unity.TextMeshPro.Tests", "Unity.TextMeshPro.Tests.csproj", "{bcde68e0-1438-8dd6-0885-03195cc2ca5f}"
EndProject
Project("{FAE04EC0-301F-11D3-BF4B-00C04F79EFBC}") = "DocCodeExamples", "DocCodeExamples.csproj", "{f9b3b11e-91a8-6093-b739-d34b369543d3}"
EndProject
Project("{FAE04EC0-301F-11D3-BF4B-00C04F79EFBC}") = "Unity.AI.Navigation.Tests", "Unity.AI.Navigation.Tests.csproj", "{7da8919f-c3d4-63e2-a64d-2d811c4c623c}"
EndProject
Project("{FAE04EC0-301F-11D3-BF4B-00C04F79EFBC}") = "Unity.TestTools.CodeCoverage.Editor.Compatibility", "Unity.TestTools.CodeCoverage.Editor.Compatibility.csproj", "{b35b7bec-e0e1-e90e-76c7-006bbf80eb50}"
EndProject
Project("{FAE04EC0-301F-11D3-BF4B-00C04F79EFBC}") = "Unity.TextMeshPro.Editor.Tests", "Unity.TextMeshPro.Editor.Tests.csproj", "{c4a4178f-bca5-3d85-b8ee-f808a4485f1f}"
EndProject
Project("{FAE04EC0-301F-11D3-BF4B-00C04F79EFBC}") = "Unity.Settings.Tests", "Unity.Settings.Tests.csproj", "{4ce97ce6-73cc-48f7-75a4-04c0cf9455f0}"
EndProject
Project("{FAE04EC0-301F-11D3-BF4B-00C04F79EFBC}") = "Unity.AI.Navigation.Editor.Tests", "Unity.AI.Navigation.Editor.Tests.csproj", "{6f9e7842-6de8-1d9c-719d-1d7f12e65fe5}"
EndProject
Project("{FAE04EC0-301F-11D3-BF4B-00C04F79EFBC}") = "Unity.Performance.Profile-Analyzer.EditorTests", "Unity.Performance.Profile-Analyzer.EditorTests.csproj", "{81d5aaa5-03cf-3458-ba22-75b2305d9c40}"
EndProject
Global
	GlobalSection(SolutionConfigurationPlatforms) = preSolution
		Debug|Any CPU = Debug|Any CPU
	EndGlobalSection
	GlobalSection(ProjectConfigurationPlatforms) = postSolution
		{90a26429-f923-4d9a-88e9-732600298231}.Debug|Any CPU.ActiveCfg = Debug|Any CPU
		{90a26429-f923-4d9a-88e9-732600298231}.Debug|Any CPU.Build.0 = Debug|Any CPU
		{5ccccc4e-75f0-278e-55a8-c92cdafc1b2e}.Debug|Any CPU.ActiveCfg = Debug|Any CPU
		{5ccccc4e-75f0-278e-55a8-c92cdafc1b2e}.Debug|Any CPU.Build.0 = Debug|Any CPU
		{ae08582e-1a2d-6204-cff3-4849773a1cd7}.Debug|Any CPU.ActiveCfg = Debug|Any CPU
		{ae08582e-1a2d-6204-cff3-4849773a1cd7}.Debug|Any CPU.Build.0 = Debug|Any CPU
		{2be221d6-d852-dd83-979a-745fa45d01fa}.Debug|Any CPU.ActiveCfg = Debug|Any CPU
		{2be221d6-d852-dd83-979a-745fa45d01fa}.Debug|Any CPU.Build.0 = Debug|Any CPU
		{70d57f91-56d3-494c-479d-376c6a9ef575}.Debug|Any CPU.ActiveCfg = Debug|Any CPU
		{70d57f91-56d3-494c-479d-376c6a9ef575}.Debug|Any CPU.Build.0 = Debug|Any CPU
		{0d9bdb83-d1fc-31a2-b235-a3c89a6ea65a}.Debug|Any CPU.ActiveCfg = Debug|Any CPU
		{0d9bdb83-d1fc-31a2-b235-a3c89a6ea65a}.Debug|Any CPU.Build.0 = Debug|Any CPU
		{e04fa535-58f7-f915-922d-ed3ee544eb99}.Debug|Any CPU.ActiveCfg = Debug|Any CPU
		{e04fa535-58f7-f915-922d-ed3ee544eb99}.Debug|Any CPU.Build.0 = Debug|Any CPU
		{2cd47b4b-0d95-65ae-fcca-ee9153886525}.Debug|Any CPU.ActiveCfg = Debug|Any CPU
		{2cd47b4b-0d95-65ae-fcca-ee9153886525}.Debug|Any CPU.Build.0 = Debug|Any CPU
		{93a73c23-0aad-3453-692d-d9968d21c137}.Debug|Any CPU.ActiveCfg = Debug|Any CPU
		{93a73c23-0aad-3453-692d-d9968d21c137}.Debug|Any CPU.Build.0 = Debug|Any CPU
		{eb80d62b-9536-2de6-e853-5cc38b0cac05}.Debug|Any CPU.ActiveCfg = Debug|Any CPU
		{eb80d62b-9536-2de6-e853-5cc38b0cac05}.Debug|Any CPU.Build.0 = Debug|Any CPU
		{eacb9365-7c19-809b-9bee-32b5aebeef65}.Debug|Any CPU.ActiveCfg = Debug|Any CPU
		{eacb9365-7c19-809b-9bee-32b5aebeef65}.Debug|Any CPU.Build.0 = Debug|Any CPU
		{0051b868-9867-6459-5ba5-b61c8465ab0b}.Debug|Any CPU.ActiveCfg = Debug|Any CPU
		{0051b868-9867-6459-5ba5-b61c8465ab0b}.Debug|Any CPU.Build.0 = Debug|Any CPU
		{3d625605-2f44-b141-2063-26d14638fd7a}.Debug|Any CPU.ActiveCfg = Debug|Any CPU
		{3d625605-2f44-b141-2063-26d14638fd7a}.Debug|Any CPU.Build.0 = Debug|Any CPU
		{71876e80-d6e4-64fe-2e17-5aa7520cb708}.Debug|Any CPU.ActiveCfg = Debug|Any CPU
		{71876e80-d6e4-64fe-2e17-5aa7520cb708}.Debug|Any CPU.Build.0 = Debug|Any CPU
		{9b469f7d-b993-aee2-93d6-645a6852954e}.Debug|Any CPU.ActiveCfg = Debug|Any CPU
		{9b469f7d-b993-aee2-93d6-645a6852954e}.Debug|Any CPU.Build.0 = Debug|Any CPU
		{ff0da03a-041d-7136-c7d7-6c5407dafb70}.Debug|Any CPU.ActiveCfg = Debug|Any CPU
		{ff0da03a-041d-7136-c7d7-6c5407dafb70}.Debug|Any CPU.Build.0 = Debug|Any CPU
		{cfd6f1c8-ebe2-ddd2-1ade-e207556a0bec}.Debug|Any CPU.ActiveCfg = Debug|Any CPU
		{cfd6f1c8-ebe2-ddd2-1ade-e207556a0bec}.Debug|Any CPU.Build.0 = Debug|Any CPU
		{4f37bf47-ae1e-ebb6-4cb6-b9aec1e47dc8}.Debug|Any CPU.ActiveCfg = Debug|Any CPU
		{4f37bf47-ae1e-ebb6-4cb6-b9aec1e47dc8}.Debug|Any CPU.Build.0 = Debug|Any CPU
		{791fa0ea-9eab-4314-45c4-e83f0bebed6a}.Debug|Any CPU.ActiveCfg = Debug|Any CPU
		{791fa0ea-9eab-4314-45c4-e83f0bebed6a}.Debug|Any CPU.Build.0 = Debug|Any CPU
		{addf2653-7e66-bb95-9095-901ba49d6f03}.Debug|Any CPU.ActiveCfg = Debug|Any CPU
		{addf2653-7e66-bb95-9095-901ba49d6f03}.Debug|Any CPU.Build.0 = Debug|Any CPU
		{2382e6b1-5cd8-7067-79f7-3885427e8423}.Debug|Any CPU.ActiveCfg = Debug|Any CPU
		{2382e6b1-5cd8-7067-79f7-3885427e8423}.Debug|Any CPU.Build.0 = Debug|Any CPU
		{60a4672f-8abc-1531-6c9f-47a5e25e9ee8}.Debug|Any CPU.ActiveCfg = Debug|Any CPU
		{60a4672f-8abc-1531-6c9f-47a5e25e9ee8}.Debug|Any CPU.Build.0 = Debug|Any CPU
		{d82a606f-d1c2-8c01-32c6-b2098f90f022}.Debug|Any CPU.ActiveCfg = Debug|Any CPU
		{d82a606f-d1c2-8c01-32c6-b2098f90f022}.Debug|Any CPU.Build.0 = Debug|Any CPU
		{814323f9-f78b-f6a5-a3c9-07419d4be8d8}.Debug|Any CPU.ActiveCfg = Debug|Any CPU
		{814323f9-f78b-f6a5-a3c9-07419d4be8d8}.Debug|Any CPU.Build.0 = Debug|Any CPU
		{dca037b1-503f-b25b-570a-2271de5b5801}.Debug|Any CPU.ActiveCfg = Debug|Any CPU
		{dca037b1-503f-b25b-570a-2271de5b5801}.Debug|Any CPU.Build.0 = Debug|Any CPU
		{6cfd355b-0985-0503-ab2f-41bc46dfbba3}.Debug|Any CPU.ActiveCfg = Debug|Any CPU
		{6cfd355b-0985-0503-ab2f-41bc46dfbba3}.Debug|Any CPU.Build.0 = Debug|Any CPU
		{98a024be-6657-a519-3a7e-01f309111544}.Debug|Any CPU.ActiveCfg = Debug|Any CPU
		{98a024be-6657-a519-3a7e-01f309111544}.Debug|Any CPU.Build.0 = Debug|Any CPU
		{d1afe1a2-85af-0f58-2391-5bc8b633f73b}.Debug|Any CPU.ActiveCfg = Debug|Any CPU
		{d1afe1a2-85af-0f58-2391-5bc8b633f73b}.Debug|Any CPU.Build.0 = Debug|Any CPU
		{63ab4669-4b19-c2d9-bd1f-677926a6f7f2}.Debug|Any CPU.ActiveCfg = Debug|Any CPU
		{63ab4669-4b19-c2d9-bd1f-677926a6f7f2}.Debug|Any CPU.Build.0 = Debug|Any CPU
		{296405f1-dc86-796b-52e2-c46b279cfe9a}.Debug|Any CPU.ActiveCfg = Debug|Any CPU
		{296405f1-dc86-796b-52e2-c46b279cfe9a}.Debug|Any CPU.Build.0 = Debug|Any CPU
		{0ea5ff75-c684-0581-0db3-fb394be78172}.Debug|Any CPU.ActiveCfg = Debug|Any CPU
		{0ea5ff75-c684-0581-0db3-fb394be78172}.Debug|Any CPU.Build.0 = Debug|Any CPU
		{7e7cfb07-bbbf-dde2-0ec7-981ed3071fbe}.Debug|Any CPU.ActiveCfg = Debug|Any CPU
		{7e7cfb07-bbbf-dde2-0ec7-981ed3071fbe}.Debug|Any CPU.Build.0 = Debug|Any CPU
		{6d549d88-acf4-10fb-466c-9dc8eb71d4bb}.Debug|Any CPU.ActiveCfg = Debug|Any CPU
		{6d549d88-acf4-10fb-466c-9dc8eb71d4bb}.Debug|Any CPU.Build.0 = Debug|Any CPU
		{a9284ad2-decb-f5a1-f807-18b6731ed77d}.Debug|Any CPU.ActiveCfg = Debug|Any CPU
		{a9284ad2-decb-f5a1-f807-18b6731ed77d}.Debug|Any CPU.Build.0 = Debug|Any CPU
		{42a05f11-f9a5-d772-da3d-1714135e6512}.Debug|Any CPU.ActiveCfg = Debug|Any CPU
		{42a05f11-f9a5-d772-da3d-1714135e6512}.Debug|Any CPU.Build.0 = Debug|Any CPU
		{dbc71f3d-0d66-270c-3888-b9a2183dfaa1}.Debug|Any CPU.ActiveCfg = Debug|Any CPU
		{dbc71f3d-0d66-270c-3888-b9a2183dfaa1}.Debug|Any CPU.Build.0 = Debug|Any CPU
		{15033b31-29d5-9a3a-0259-e714bfe09c4c}.Debug|Any CPU.ActiveCfg = Debug|Any CPU
		{15033b31-29d5-9a3a-0259-e714bfe09c4c}.Debug|Any CPU.Build.0 = Debug|Any CPU
		{d1548b5a-e87b-6178-3a22-39d070040000}.Debug|Any CPU.ActiveCfg = Debug|Any CPU
		{d1548b5a-e87b-6178-3a22-39d070040000}.Debug|Any CPU.Build.0 = Debug|Any CPU
		{445aa42e-92db-7e03-7d34-f0371803f740}.Debug|Any CPU.ActiveCfg = Debug|Any CPU
		{445aa42e-92db-7e03-7d34-f0371803f740}.Debug|Any CPU.Build.0 = Debug|Any CPU
		{bcde68e0-1438-8dd6-0885-03195cc2ca5f}.Debug|Any CPU.ActiveCfg = Debug|Any CPU
		{bcde68e0-1438-8dd6-0885-03195cc2ca5f}.Debug|Any CPU.Build.0 = Debug|Any CPU
		{f9b3b11e-91a8-6093-b739-d34b369543d3}.Debug|Any CPU.ActiveCfg = Debug|Any CPU
		{f9b3b11e-91a8-6093-b739-d34b369543d3}.Debug|Any CPU.Build.0 = Debug|Any CPU
		{7da8919f-c3d4-63e2-a64d-2d811c4c623c}.Debug|Any CPU.ActiveCfg = Debug|Any CPU
		{7da8919f-c3d4-63e2-a64d-2d811c4c623c}.Debug|Any CPU.Build.0 = Debug|Any CPU
		{b35b7bec-e0e1-e90e-76c7-006bbf80eb50}.Debug|Any CPU.ActiveCfg = Debug|Any CPU
		{b35b7bec-e0e1-e90e-76c7-006bbf80eb50}.Debug|Any CPU.Build.0 = Debug|Any CPU
		{c4a4178f-bca5-3d85-b8ee-f808a4485f1f}.Debug|Any CPU.ActiveCfg = Debug|Any CPU
		{c4a4178f-bca5-3d85-b8ee-f808a4485f1f}.Debug|Any CPU.Build.0 = Debug|Any CPU
		{4ce97ce6-73cc-48f7-75a4-04c0cf9455f0}.Debug|Any CPU.ActiveCfg = Debug|Any CPU
		{4ce97ce6-73cc-48f7-75a4-04c0cf9455f0}.Debug|Any CPU.Build.0 = Debug|Any CPU
		{6f9e7842-6de8-1d9c-719d-1d7f12e65fe5}.Debug|Any CPU.ActiveCfg = Debug|Any CPU
		{6f9e7842-6de8-1d9c-719d-1d7f12e65fe5}.Debug|Any CPU.Build.0 = Debug|Any CPU
		{81d5aaa5-03cf-3458-ba22-75b2305d9c40}.Debug|Any CPU.ActiveCfg = Debug|Any CPU
		{81d5aaa5-03cf-3458-ba22-75b2305d9c40}.Debug|Any CPU.Build.0 = Debug|Any CPU
	EndGlobalSection
	GlobalSection(SolutionProperties) = preSolution
		HideSolutionNode = FALSE
	EndGlobalSection
EndGlobal
